// !$*UTF8*$!
{
	archiveVersion = 1;
	classes = {
	};
	objectVersion = 48;
	objects = {

/* Begin PBXBuildFile section */
		9A3677FB2048F0700039F797 /* MainTabBarController.swift in Sources */ = {isa = PBXBuildFile; fileRef = 9A3677FA2048F0700039F797 /* MainTabBarController.swift */; };
		9A3677FD2048F17F0039F797 /* UserProfileController.swift in Sources */ = {isa = PBXBuildFile; fileRef = 9A3677FC2048F17F0039F797 /* UserProfileController.swift */; };
		9A3677FF204B21BC0039F797 /* UserProfileHeader.swift in Sources */ = {isa = PBXBuildFile; fileRef = 9A3677FE204B21BC0039F797 /* UserProfileHeader.swift */; };
		9A367802204B98920039F797 /* LoginController.swift in Sources */ = {isa = PBXBuildFile; fileRef = 9A367801204B98920039F797 /* LoginController.swift */; };
		9AB44E3920435A8E00BD15F5 /* Utilities.swift in Sources */ = {isa = PBXBuildFile; fileRef = 9AB44E3820435A8E00BD15F5 /* Utilities.swift */; };
		9AB44E3B2043817200BD15F5 /* GoogleService-Info.plist in Resources */ = {isa = PBXBuildFile; fileRef = 9AB44E3A2043817100BD15F5 /* GoogleService-Info.plist */; };
		9AF243F0200448CC00442167 /* AppDelegate.swift in Sources */ = {isa = PBXBuildFile; fileRef = 9AF243EF200448CC00442167 /* AppDelegate.swift */; };
		9AF243F2200448CC00442167 /* SignUpController.swift in Sources */ = {isa = PBXBuildFile; fileRef = 9AF243F1200448CC00442167 /* SignUpController.swift */; };
		9AF243F5200448CC00442167 /* Main.storyboard in Resources */ = {isa = PBXBuildFile; fileRef = 9AF243F3200448CC00442167 /* Main.storyboard */; };
		9AF243F7200448CC00442167 /* Assets.xcassets in Resources */ = {isa = PBXBuildFile; fileRef = 9AF243F6200448CC00442167 /* Assets.xcassets */; };
		9AF243FA200448CC00442167 /* LaunchScreen.storyboard in Resources */ = {isa = PBXBuildFile; fileRef = 9AF243F8200448CC00442167 /* LaunchScreen.storyboard */; };
		9AF24405200448CC00442167 /* InstagramFirebaseApplicationTests.swift in Sources */ = {isa = PBXBuildFile; fileRef = 9AF24404200448CC00442167 /* InstagramFirebaseApplicationTests.swift */; };
		9AF24410200448CC00442167 /* InstagramFirebaseApplicationUITests.swift in Sources */ = {isa = PBXBuildFile; fileRef = 9AF2440F200448CC00442167 /* InstagramFirebaseApplicationUITests.swift */; };
		EB8C47D1D4DF9880012AB849 /* Pods_InstagramFirebaseApplication.framework in Frameworks */ = {isa = PBXBuildFile; fileRef = 8B4996CA9AE80D8A2A886026 /* Pods_InstagramFirebaseApplication.framework */; };
/* End PBXBuildFile section */

/* Begin PBXContainerItemProxy section */
		9AF24401200448CC00442167 /* PBXContainerItemProxy */ = {
			isa = PBXContainerItemProxy;
			containerPortal = 9AF243E4200448CC00442167 /* Project object */;
			proxyType = 1;
			remoteGlobalIDString = 9AF243EB200448CC00442167;
			remoteInfo = InstagramFirebaseApplication;
		};
		9AF2440C200448CC00442167 /* PBXContainerItemProxy */ = {
			isa = PBXContainerItemProxy;
			containerPortal = 9AF243E4200448CC00442167 /* Project object */;
			proxyType = 1;
			remoteGlobalIDString = 9AF243EB200448CC00442167;
			remoteInfo = InstagramFirebaseApplication;
		};
/* End PBXContainerItemProxy section */

/* Begin PBXFileReference section */
		33616E65F84DB681CF5A1C06 /* Pods-InstagramFirebaseApplication.release.xcconfig */ = {isa = PBXFileReference; includeInIndex = 1; lastKnownFileType = text.xcconfig; name = "Pods-InstagramFirebaseApplication.release.xcconfig"; path = "Pods/Target Support Files/Pods-InstagramFirebaseApplication/Pods-InstagramFirebaseApplication.release.xcconfig"; sourceTree = "<group>"; };
		50F9931C805F8A07CE71E7B9 /* Pods-InstagramFirebaseApplication.debug.xcconfig */ = {isa = PBXFileReference; includeInIndex = 1; lastKnownFileType = text.xcconfig; name = "Pods-InstagramFirebaseApplication.debug.xcconfig"; path = "Pods/Target Support Files/Pods-InstagramFirebaseApplication/Pods-InstagramFirebaseApplication.debug.xcconfig"; sourceTree = "<group>"; };
		8B4996CA9AE80D8A2A886026 /* Pods_InstagramFirebaseApplication.framework */ = {isa = PBXFileReference; explicitFileType = wrapper.framework; includeInIndex = 0; path = Pods_InstagramFirebaseApplication.framework; sourceTree = BUILT_PRODUCTS_DIR; };
		9A3677FA2048F0700039F797 /* MainTabBarController.swift */ = {isa = PBXFileReference; lastKnownFileType = sourcecode.swift; path = MainTabBarController.swift; sourceTree = "<group>"; };
		9A3677FC2048F17F0039F797 /* UserProfileController.swift */ = {isa = PBXFileReference; lastKnownFileType = sourcecode.swift; path = UserProfileController.swift; sourceTree = "<group>"; };
		9A3677FE204B21BC0039F797 /* UserProfileHeader.swift */ = {isa = PBXFileReference; lastKnownFileType = sourcecode.swift; path = UserProfileHeader.swift; sourceTree = "<group>"; };
		9A367801204B98920039F797 /* LoginController.swift */ = {isa = PBXFileReference; lastKnownFileType = sourcecode.swift; path = LoginController.swift; sourceTree = "<group>"; };
		9AB44E3820435A8E00BD15F5 /* Utilities.swift */ = {isa = PBXFileReference; lastKnownFileType = sourcecode.swift; path = Utilities.swift; sourceTree = "<group>"; };
		9AB44E3A2043817100BD15F5 /* GoogleService-Info.plist */ = {isa = PBXFileReference; fileEncoding = 4; lastKnownFileType = text.plist.xml; path = "GoogleService-Info.plist"; sourceTree = "<group>"; };
		9AF243EC200448CC00442167 /* InstagramFirebaseApplication.app */ = {isa = PBXFileReference; explicitFileType = wrapper.application; includeInIndex = 0; path = InstagramFirebaseApplication.app; sourceTree = BUILT_PRODUCTS_DIR; };
		9AF243EF200448CC00442167 /* AppDelegate.swift */ = {isa = PBXFileReference; lastKnownFileType = sourcecode.swift; path = AppDelegate.swift; sourceTree = "<group>"; };
		9AF243F1200448CC00442167 /* SignUpController.swift */ = {isa = PBXFileReference; lastKnownFileType = sourcecode.swift; path = SignUpController.swift; sourceTree = "<group>"; };
		9AF243F4200448CC00442167 /* Base */ = {isa = PBXFileReference; lastKnownFileType = file.storyboard; name = Base; path = Base.lproj/Main.storyboard; sourceTree = "<group>"; };
		9AF243F6200448CC00442167 /* Assets.xcassets */ = {isa = PBXFileReference; lastKnownFileType = folder.assetcatalog; path = Assets.xcassets; sourceTree = "<group>"; };
		9AF243F9200448CC00442167 /* Base */ = {isa = PBXFileReference; lastKnownFileType = file.storyboard; name = Base; path = Base.lproj/LaunchScreen.storyboard; sourceTree = "<group>"; };
		9AF243FB200448CC00442167 /* Info.plist */ = {isa = PBXFileReference; lastKnownFileType = text.plist.xml; path = Info.plist; sourceTree = "<group>"; };
		9AF24400200448CC00442167 /* InstagramFirebaseApplicationTests.xctest */ = {isa = PBXFileReference; explicitFileType = wrapper.cfbundle; includeInIndex = 0; path = InstagramFirebaseApplicationTests.xctest; sourceTree = BUILT_PRODUCTS_DIR; };
		9AF24404200448CC00442167 /* InstagramFirebaseApplicationTests.swift */ = {isa = PBXFileReference; lastKnownFileType = sourcecode.swift; path = InstagramFirebaseApplicationTests.swift; sourceTree = "<group>"; };
		9AF24406200448CC00442167 /* Info.plist */ = {isa = PBXFileReference; lastKnownFileType = text.plist.xml; path = Info.plist; sourceTree = "<group>"; };
		9AF2440B200448CC00442167 /* InstagramFirebaseApplicationUITests.xctest */ = {isa = PBXFileReference; explicitFileType = wrapper.cfbundle; includeInIndex = 0; path = InstagramFirebaseApplicationUITests.xctest; sourceTree = BUILT_PRODUCTS_DIR; };
		9AF2440F200448CC00442167 /* InstagramFirebaseApplicationUITests.swift */ = {isa = PBXFileReference; lastKnownFileType = sourcecode.swift; path = InstagramFirebaseApplicationUITests.swift; sourceTree = "<group>"; };
		9AF24411200448CC00442167 /* Info.plist */ = {isa = PBXFileReference; lastKnownFileType = text.plist.xml; path = Info.plist; sourceTree = "<group>"; };
/* End PBXFileReference section */

/* Begin PBXFrameworksBuildPhase section */
		9AF243E9200448CC00442167 /* Frameworks */ = {
			isa = PBXFrameworksBuildPhase;
			buildActionMask = 2147483647;
			files = (
				EB8C47D1D4DF9880012AB849 /* Pods_InstagramFirebaseApplication.framework in Frameworks */,
			);
			runOnlyForDeploymentPostprocessing = 0;
		};
		9AF243FD200448CC00442167 /* Frameworks */ = {
			isa = PBXFrameworksBuildPhase;
			buildActionMask = 2147483647;
			files = (
			);
			runOnlyForDeploymentPostprocessing = 0;
		};
		9AF24408200448CC00442167 /* Frameworks */ = {
			isa = PBXFrameworksBuildPhase;
			buildActionMask = 2147483647;
			files = (
			);
			runOnlyForDeploymentPostprocessing = 0;
		};
/* End PBXFrameworksBuildPhase section */

/* Begin PBXGroup section */
		19435A59D27F001B2B954F0F /* Pods */ = {
			isa = PBXGroup;
			children = (
				50F9931C805F8A07CE71E7B9 /* Pods-InstagramFirebaseApplication.debug.xcconfig */,
				33616E65F84DB681CF5A1C06 /* Pods-InstagramFirebaseApplication.release.xcconfig */,
			);
			name = Pods;
			sourceTree = "<group>";
		};
		3FEC67B8CA6DECAFD8E0E82D /* Frameworks */ = {
			isa = PBXGroup;
			children = (
				8B4996CA9AE80D8A2A886026 /* Pods_InstagramFirebaseApplication.framework */,
			);
			name = Frameworks;
			sourceTree = "<group>";
		};
		9A367800204B21EB0039F797 /* User Profile  */ = {
			isa = PBXGroup;
			children = (
				9A3677FC2048F17F0039F797 /* UserProfileController.swift */,
				9A3677FE204B21BC0039F797 /* UserProfileHeader.swift */,
			);
			path = "User Profile ";
			sourceTree = "<group>";
		};
		9A367803204B98960039F797 /* Login  */ = {
			isa = PBXGroup;
			children = (
				9A367801204B98920039F797 /* LoginController.swift */,
				9AF243F1200448CC00442167 /* SignUpController.swift */,
			);
			path = "Login ";
			sourceTree = "<group>";
		};
		9AF243E3200448CC00442167 = {
			isa = PBXGroup;
			children = (
				9AF243EE200448CC00442167 /* InstagramFirebaseApplication */,
				9AF24403200448CC00442167 /* InstagramFirebaseApplicationTests */,
				9AF2440E200448CC00442167 /* InstagramFirebaseApplicationUITests */,
				9AF243ED200448CC00442167 /* Products */,
				19435A59D27F001B2B954F0F /* Pods */,
				3FEC67B8CA6DECAFD8E0E82D /* Frameworks */,
			);
			sourceTree = "<group>";
		};
		9AF243ED200448CC00442167 /* Products */ = {
			isa = PBXGroup;
			children = (
				9AF243EC200448CC00442167 /* InstagramFirebaseApplication.app */,
				9AF24400200448CC00442167 /* InstagramFirebaseApplicationTests.xctest */,
				9AF2440B200448CC00442167 /* InstagramFirebaseApplicationUITests.xctest */,
			);
			name = Products;
			sourceTree = "<group>";
		};
		9AF243EE200448CC00442167 /* InstagramFirebaseApplication */ = {
			isa = PBXGroup;
			children = (
				9A367803204B98960039F797 /* Login  */,
				9A367800204B21EB0039F797 /* User Profile  */,
				9AB44E3820435A8E00BD15F5 /* Utilities.swift */,
				9AF243EF200448CC00442167 /* AppDelegate.swift */,
				9A3677FA2048F0700039F797 /* MainTabBarController.swift */,
				9AF243F3200448CC00442167 /* Main.storyboard */,
				9AF243F6200448CC00442167 /* Assets.xcassets */,
				9AF243F8200448CC00442167 /* LaunchScreen.storyboard */,
				9AF243FB200448CC00442167 /* Info.plist */,
				9AB44E3A2043817100BD15F5 /* GoogleService-Info.plist */,
			);
			path = InstagramFirebaseApplication;
			sourceTree = "<group>";
		};
		9AF24403200448CC00442167 /* InstagramFirebaseApplicationTests */ = {
			isa = PBXGroup;
			children = (
				9AF24404200448CC00442167 /* InstagramFirebaseApplicationTests.swift */,
				9AF24406200448CC00442167 /* Info.plist */,
			);
			path = InstagramFirebaseApplicationTests;
			sourceTree = "<group>";
		};
		9AF2440E200448CC00442167 /* InstagramFirebaseApplicationUITests */ = {
			isa = PBXGroup;
			children = (
				9AF2440F200448CC00442167 /* InstagramFirebaseApplicationUITests.swift */,
				9AF24411200448CC00442167 /* Info.plist */,
			);
			path = InstagramFirebaseApplicationUITests;
			sourceTree = "<group>";
		};
/* End PBXGroup section */

/* Begin PBXNativeTarget section */
		9AF243EB200448CC00442167 /* InstagramFirebaseApplication */ = {
			isa = PBXNativeTarget;
			buildConfigurationList = 9AF24414200448CC00442167 /* Build configuration list for PBXNativeTarget "InstagramFirebaseApplication" */;
			buildPhases = (
				C69E8CA68C5DA967D66D6FA5 /* [CP] Check Pods Manifest.lock */,
				9AF243E8200448CC00442167 /* Sources */,
				9AF243E9200448CC00442167 /* Frameworks */,
				9AF243EA200448CC00442167 /* Resources */,
				E285455D3884D67D32EEC0CA /* [CP] Embed Pods Frameworks */,
				EC2E2E2EBD405912EE1D4229 /* [CP] Copy Pods Resources */,
			);
			buildRules = (
			);
			dependencies = (
			);
			name = InstagramFirebaseApplication;
			productName = InstagramFirebaseApplication;
			productReference = 9AF243EC200448CC00442167 /* InstagramFirebaseApplication.app */;
			productType = "com.apple.product-type.application";
		};
		9AF243FF200448CC00442167 /* InstagramFirebaseApplicationTests */ = {
			isa = PBXNativeTarget;
			buildConfigurationList = 9AF24417200448CC00442167 /* Build configuration list for PBXNativeTarget "InstagramFirebaseApplicationTests" */;
			buildPhases = (
				9AF243FC200448CC00442167 /* Sources */,
				9AF243FD200448CC00442167 /* Frameworks */,
				9AF243FE200448CC00442167 /* Resources */,
			);
			buildRules = (
			);
			dependencies = (
				9AF24402200448CC00442167 /* PBXTargetDependency */,
			);
			name = InstagramFirebaseApplicationTests;
			productName = InstagramFirebaseApplicationTests;
			productReference = 9AF24400200448CC00442167 /* InstagramFirebaseApplicationTests.xctest */;
			productType = "com.apple.product-type.bundle.unit-test";
		};
		9AF2440A200448CC00442167 /* InstagramFirebaseApplicationUITests */ = {
			isa = PBXNativeTarget;
			buildConfigurationList = 9AF2441A200448CC00442167 /* Build configuration list for PBXNativeTarget "InstagramFirebaseApplicationUITests" */;
			buildPhases = (
				9AF24407200448CC00442167 /* Sources */,
				9AF24408200448CC00442167 /* Frameworks */,
				9AF24409200448CC00442167 /* Resources */,
			);
			buildRules = (
			);
			dependencies = (
				9AF2440D200448CC00442167 /* PBXTargetDependency */,
			);
			name = InstagramFirebaseApplicationUITests;
			productName = InstagramFirebaseApplicationUITests;
			productReference = 9AF2440B200448CC00442167 /* InstagramFirebaseApplicationUITests.xctest */;
			productType = "com.apple.product-type.bundle.ui-testing";
		};
/* End PBXNativeTarget section */

/* Begin PBXProject section */
		9AF243E4200448CC00442167 /* Project object */ = {
			isa = PBXProject;
			attributes = {
				LastSwiftUpdateCheck = 0920;
				LastUpgradeCheck = 0920;
				ORGANIZATIONNAME = "ashim Dahal";
				TargetAttributes = {
					9AF243EB200448CC00442167 = {
						CreatedOnToolsVersion = 9.2;
						ProvisioningStyle = Automatic;
					};
					9AF243FF200448CC00442167 = {
						CreatedOnToolsVersion = 9.2;
						ProvisioningStyle = Automatic;
						TestTargetID = 9AF243EB200448CC00442167;
					};
					9AF2440A200448CC00442167 = {
						CreatedOnToolsVersion = 9.2;
						ProvisioningStyle = Automatic;
						TestTargetID = 9AF243EB200448CC00442167;
					};
				};
			};
			buildConfigurationList = 9AF243E7200448CC00442167 /* Build configuration list for PBXProject "InstagramFirebaseApplication" */;
			compatibilityVersion = "Xcode 8.0";
			developmentRegion = en;
			hasScannedForEncodings = 0;
			knownRegions = (
				en,
				Base,
			);
			mainGroup = 9AF243E3200448CC00442167;
			productRefGroup = 9AF243ED200448CC00442167 /* Products */;
			projectDirPath = "";
			projectRoot = "";
			targets = (
				9AF243EB200448CC00442167 /* InstagramFirebaseApplication */,
				9AF243FF200448CC00442167 /* InstagramFirebaseApplicationTests */,
				9AF2440A200448CC00442167 /* InstagramFirebaseApplicationUITests */,
			);
		};
/* End PBXProject section */

/* Begin PBXResourcesBuildPhase section */
		9AF243EA200448CC00442167 /* Resources */ = {
			isa = PBXResourcesBuildPhase;
			buildActionMask = 2147483647;
			files = (
				9AF243FA200448CC00442167 /* LaunchScreen.storyboard in Resources */,
				9AB44E3B2043817200BD15F5 /* GoogleService-Info.plist in Resources */,
				9AF243F7200448CC00442167 /* Assets.xcassets in Resources */,
				9AF243F5200448CC00442167 /* Main.storyboard in Resources */,
			);
			runOnlyForDeploymentPostprocessing = 0;
		};
		9AF243FE200448CC00442167 /* Resources */ = {
			isa = PBXResourcesBuildPhase;
			buildActionMask = 2147483647;
			files = (
			);
			runOnlyForDeploymentPostprocessing = 0;
		};
		9AF24409200448CC00442167 /* Resources */ = {
			isa = PBXResourcesBuildPhase;
			buildActionMask = 2147483647;
			files = (
			);
			runOnlyForDeploymentPostprocessing = 0;
		};
/* End PBXResourcesBuildPhase section */

/* Begin PBXShellScriptBuildPhase section */
		C69E8CA68C5DA967D66D6FA5 /* [CP] Check Pods Manifest.lock */ = {
			isa = PBXShellScriptBuildPhase;
			buildActionMask = 2147483647;
			files = (
			);
			inputPaths = (
				"${PODS_PODFILE_DIR_PATH}/Podfile.lock",
				"${PODS_ROOT}/Manifest.lock",
			);
			name = "[CP] Check Pods Manifest.lock";
			outputPaths = (
				"$(DERIVED_FILE_DIR)/Pods-InstagramFirebaseApplication-checkManifestLockResult.txt",
			);
			runOnlyForDeploymentPostprocessing = 0;
			shellPath = /bin/sh;
			shellScript = "diff \"${PODS_PODFILE_DIR_PATH}/Podfile.lock\" \"${PODS_ROOT}/Manifest.lock\" > /dev/null\nif [ $? != 0 ] ; then\n    # print error to STDERR\n    echo \"error: The sandbox is not in sync with the Podfile.lock. Run 'pod install' or update your CocoaPods installation.\" >&2\n    exit 1\nfi\n# This output is used by Xcode 'outputs' to avoid re-running this script phase.\necho \"SUCCESS\" > \"${SCRIPT_OUTPUT_FILE_0}\"\n";
			showEnvVarsInLog = 0;
		};
		E285455D3884D67D32EEC0CA /* [CP] Embed Pods Frameworks */ = {
			isa = PBXShellScriptBuildPhase;
			buildActionMask = 2147483647;
			files = (
			);
			inputPaths = (
				"${SRCROOT}/Pods/Target Support Files/Pods-InstagramFirebaseApplication/Pods-InstagramFirebaseApplication-frameworks.sh",
				"${BUILT_PRODUCTS_DIR}/GTMSessionFetcher/GTMSessionFetcher.framework",
				"${BUILT_PRODUCTS_DIR}/GoogleToolboxForMac/GoogleToolboxForMac.framework",
				"${BUILT_PRODUCTS_DIR}/SDWebImage/SDWebImage.framework",
				"${BUILT_PRODUCTS_DIR}/leveldb-library/leveldb.framework",
				"${BUILT_PRODUCTS_DIR}/nanopb/nanopb.framework",
			);
			name = "[CP] Embed Pods Frameworks";
			outputPaths = (
				"${TARGET_BUILD_DIR}/${FRAMEWORKS_FOLDER_PATH}/GTMSessionFetcher.framework",
				"${TARGET_BUILD_DIR}/${FRAMEWORKS_FOLDER_PATH}/GoogleToolboxForMac.framework",
				"${TARGET_BUILD_DIR}/${FRAMEWORKS_FOLDER_PATH}/SDWebImage.framework",
				"${TARGET_BUILD_DIR}/${FRAMEWORKS_FOLDER_PATH}/leveldb.framework",
				"${TARGET_BUILD_DIR}/${FRAMEWORKS_FOLDER_PATH}/nanopb.framework",
			);
			runOnlyForDeploymentPostprocessing = 0;
			shellPath = /bin/sh;
			shellScript = "\"${SRCROOT}/Pods/Target Support Files/Pods-InstagramFirebaseApplication/Pods-InstagramFirebaseApplication-frameworks.sh\"\n";
			showEnvVarsInLog = 0;
		};
		EC2E2E2EBD405912EE1D4229 /* [CP] Copy Pods Resources */ = {
			isa = PBXShellScriptBuildPhase;
			buildActionMask = 2147483647;
			files = (
			);
			inputPaths = (
			);
			name = "[CP] Copy Pods Resources";
			outputPaths = (
			);
			runOnlyForDeploymentPostprocessing = 0;
			shellPath = /bin/sh;
			shellScript = "\"${SRCROOT}/Pods/Target Support Files/Pods-InstagramFirebaseApplication/Pods-InstagramFirebaseApplication-resources.sh\"\n";
			showEnvVarsInLog = 0;
		};
/* End PBXShellScriptBuildPhase section */

/* Begin PBXSourcesBuildPhase section */
		9AF243E8200448CC00442167 /* Sources */ = {
			isa = PBXSourcesBuildPhase;
			buildActionMask = 2147483647;
			files = (
				9AB44E3920435A8E00BD15F5 /* Utilities.swift in Sources */,
				9AF243F2200448CC00442167 /* SignUpController.swift in Sources */,
				9A3677FB2048F0700039F797 /* MainTabBarController.swift in Sources */,
				9A3677FF204B21BC0039F797 /* UserProfileHeader.swift in Sources */,
				9A3677FD2048F17F0039F797 /* UserProfileController.swift in Sources */,
				9AF243F0200448CC00442167 /* AppDelegate.swift in Sources */,
				9A367802204B98920039F797 /* LoginController.swift in Sources */,
			);
			runOnlyForDeploymentPostprocessing = 0;
		};
		9AF243FC200448CC00442167 /* Sources */ = {
			isa = PBXSourcesBuildPhase;
			buildActionMask = 2147483647;
			files = (
				9AF24405200448CC00442167 /* InstagramFirebaseApplicationTests.swift in Sources */,
			);
			runOnlyForDeploymentPostprocessing = 0;
		};
		9AF24407200448CC00442167 /* Sources */ = {
			isa = PBXSourcesBuildPhase;
			buildActionMask = 2147483647;
			files = (
				9AF24410200448CC00442167 /* InstagramFirebaseApplicationUITests.swift in Sources */,
			);
			runOnlyForDeploymentPostprocessing = 0;
		};
/* End PBXSourcesBuildPhase section */

/* Begin PBXTargetDependency section */
		9AF24402200448CC00442167 /* PBXTargetDependency */ = {
			isa = PBXTargetDependency;
			target = 9AF243EB200448CC00442167 /* InstagramFirebaseApplication */;
			targetProxy = 9AF24401200448CC00442167 /* PBXContainerItemProxy */;
		};
		9AF2440D200448CC00442167 /* PBXTargetDependency */ = {
			isa = PBXTargetDependency;
			target = 9AF243EB200448CC00442167 /* InstagramFirebaseApplication */;
			targetProxy = 9AF2440C200448CC00442167 /* PBXContainerItemProxy */;
		};
/* End PBXTargetDependency section */

/* Begin PBXVariantGroup section */
		9AF243F3200448CC00442167 /* Main.storyboard */ = {
			isa = PBXVariantGroup;
			children = (
				9AF243F4200448CC00442167 /* Base */,
			);
			name = Main.storyboard;
			sourceTree = "<group>";
		};
		9AF243F8200448CC00442167 /* LaunchScreen.storyboard */ = {
			isa = PBXVariantGroup;
			children = (
				9AF243F9200448CC00442167 /* Base */,
			);
			name = LaunchScreen.storyboard;
			sourceTree = "<group>";
		};
/* End PBXVariantGroup section */

/* Begin XCBuildConfiguration section */
		9AF24412200448CC00442167 /* Debug */ = {
			isa = XCBuildConfiguration;
			buildSettings = {
				ALWAYS_SEARCH_USER_PATHS = NO;
				CLANG_ANALYZER_NONNULL = YES;
				CLANG_ANALYZER_NUMBER_OBJECT_CONVERSION = YES_AGGRESSIVE;
				CLANG_CXX_LANGUAGE_STANDARD = "gnu++14";
				CLANG_CXX_LIBRARY = "libc++";
				CLANG_ENABLE_MODULES = YES;
				CLANG_ENABLE_OBJC_ARC = YES;
				CLANG_WARN_BLOCK_CAPTURE_AUTORELEASING = YES;
				CLANG_WARN_BOOL_CONVERSION = YES;
				CLANG_WARN_COMMA = YES;
				CLANG_WARN_CONSTANT_CONVERSION = YES;
				CLANG_WARN_DIRECT_OBJC_ISA_USAGE = YES_ERROR;
				CLANG_WARN_DOCUMENTATION_COMMENTS = YES;
				CLANG_WARN_EMPTY_BODY = YES;
				CLANG_WARN_ENUM_CONVERSION = YES;
				CLANG_WARN_INFINITE_RECURSION = YES;
				CLANG_WARN_INT_CONVERSION = YES;
				CLANG_WARN_NON_LITERAL_NULL_CONVERSION = YES;
				CLANG_WARN_OBJC_LITERAL_CONVERSION = YES;
				CLANG_WARN_OBJC_ROOT_CLASS = YES_ERROR;
				CLANG_WARN_RANGE_LOOP_ANALYSIS = YES;
				CLANG_WARN_STRICT_PROTOTYPES = YES;
				CLANG_WARN_SUSPICIOUS_MOVE = YES;
				CLANG_WARN_UNGUARDED_AVAILABILITY = YES_AGGRESSIVE;
				CLANG_WARN_UNREACHABLE_CODE = YES;
				CLANG_WARN__DUPLICATE_METHOD_MATCH = YES;
				CODE_SIGN_IDENTITY = "iPhone Developer";
				COPY_PHASE_STRIP = NO;
				DEBUG_INFORMATION_FORMAT = dwarf;
				ENABLE_STRICT_OBJC_MSGSEND = YES;
				ENABLE_TESTABILITY = YES;
				GCC_C_LANGUAGE_STANDARD = gnu11;
				GCC_DYNAMIC_NO_PIC = NO;
				GCC_NO_COMMON_BLOCKS = YES;
				GCC_OPTIMIZATION_LEVEL = 0;
				GCC_PREPROCESSOR_DEFINITIONS = (
					"DEBUG=1",
					"$(inherited)",
				);
				GCC_WARN_64_TO_32_BIT_CONVERSION = YES;
				GCC_WARN_ABOUT_RETURN_TYPE = YES_ERROR;
				GCC_WARN_UNDECLARED_SELECTOR = YES;
				GCC_WARN_UNINITIALIZED_AUTOS = YES_AGGRESSIVE;
				GCC_WARN_UNUSED_FUNCTION = YES;
				GCC_WARN_UNUSED_VARIABLE = YES;
				IPHONEOS_DEPLOYMENT_TARGET = 11.2;
				MTL_ENABLE_DEBUG_INFO = YES;
				ONLY_ACTIVE_ARCH = YES;
				SDKROOT = iphoneos;
				SWIFT_ACTIVE_COMPILATION_CONDITIONS = DEBUG;
				SWIFT_OPTIMIZATION_LEVEL = "-Onone";
			};
			name = Debug;
		};
		9AF24413200448CC00442167 /* Release */ = {
			isa = XCBuildConfiguration;
			buildSettings = {
				ALWAYS_SEARCH_USER_PATHS = NO;
				CLANG_ANALYZER_NONNULL = YES;
				CLANG_ANALYZER_NUMBER_OBJECT_CONVERSION = YES_AGGRESSIVE;
				CLANG_CXX_LANGUAGE_STANDARD = "gnu++14";
				CLANG_CXX_LIBRARY = "libc++";
				CLANG_ENABLE_MODULES = YES;
				CLANG_ENABLE_OBJC_ARC = YES;
				CLANG_WARN_BLOCK_CAPTURE_AUTORELEASING = YES;
				CLANG_WARN_BOOL_CONVERSION = YES;
				CLANG_WARN_COMMA = YES;
				CLANG_WARN_CONSTANT_CONVERSION = YES;
				CLANG_WARN_DIRECT_OBJC_ISA_USAGE = YES_ERROR;
				CLANG_WARN_DOCUMENTATION_COMMENTS = YES;
				CLANG_WARN_EMPTY_BODY = YES;
				CLANG_WARN_ENUM_CONVERSION = YES;
				CLANG_WARN_INFINITE_RECURSION = YES;
				CLANG_WARN_INT_CONVERSION = YES;
				CLANG_WARN_NON_LITERAL_NULL_CONVERSION = YES;
				CLANG_WARN_OBJC_LITERAL_CONVERSION = YES;
				CLANG_WARN_OBJC_ROOT_CLASS = YES_ERROR;
				CLANG_WARN_RANGE_LOOP_ANALYSIS = YES;
				CLANG_WARN_STRICT_PROTOTYPES = YES;
				CLANG_WARN_SUSPICIOUS_MOVE = YES;
				CLANG_WARN_UNGUARDED_AVAILABILITY = YES_AGGRESSIVE;
				CLANG_WARN_UNREACHABLE_CODE = YES;
				CLANG_WARN__DUPLICATE_METHOD_MATCH = YES;
				CODE_SIGN_IDENTITY = "iPhone Developer";
				COPY_PHASE_STRIP = NO;
				DEBUG_INFORMATION_FORMAT = "dwarf-with-dsym";
				ENABLE_NS_ASSERTIONS = NO;
				ENABLE_STRICT_OBJC_MSGSEND = YES;
				GCC_C_LANGUAGE_STANDARD = gnu11;
				GCC_NO_COMMON_BLOCKS = YES;
				GCC_WARN_64_TO_32_BIT_CONVERSION = YES;
				GCC_WARN_ABOUT_RETURN_TYPE = YES_ERROR;
				GCC_WARN_UNDECLARED_SELECTOR = YES;
				GCC_WARN_UNINITIALIZED_AUTOS = YES_AGGRESSIVE;
				GCC_WARN_UNUSED_FUNCTION = YES;
				GCC_WARN_UNUSED_VARIABLE = YES;
				IPHONEOS_DEPLOYMENT_TARGET = 11.2;
				MTL_ENABLE_DEBUG_INFO = NO;
				SDKROOT = iphoneos;
				SWIFT_OPTIMIZATION_LEVEL = "-Owholemodule";
				VALIDATE_PRODUCT = YES;
			};
			name = Release;
		};
		9AF24415200448CC00442167 /* Debug */ = {
			isa = XCBuildConfiguration;
			baseConfigurationReference = 50F9931C805F8A07CE71E7B9 /* Pods-InstagramFirebaseApplication.debug.xcconfig */;
			buildSettings = {
				ASSETCATALOG_COMPILER_APPICON_NAME = AppIcon;
				CODE_SIGN_STYLE = Automatic;
				INFOPLIST_FILE = InstagramFirebaseApplication/Info.plist;
				LD_RUNPATH_SEARCH_PATHS = "$(inherited) @executable_path/Frameworks";
				PRODUCT_BUNDLE_IDENTIFIER = home.InstagramFirebaseApplication;
				PRODUCT_NAME = "$(TARGET_NAME)";
				SWIFT_VERSION = 4.0;
				TARGETED_DEVICE_FAMILY = "1,2";
			};
			name = Debug;
		};
		9AF24416200448CC00442167 /* Release */ = {
			isa = XCBuildConfiguration;
			baseConfigurationReference = 33616E65F84DB681CF5A1C06 /* Pods-InstagramFirebaseApplication.release.xcconfig */;
			buildSettings = {
				ASSETCATALOG_COMPILER_APPICON_NAME = AppIcon;
				CODE_SIGN_STYLE = Automatic;
				INFOPLIST_FILE = InstagramFirebaseApplication/Info.plist;
				LD_RUNPATH_SEARCH_PATHS = "$(inherited) @executable_path/Frameworks";
				PRODUCT_BUNDLE_IDENTIFIER = home.InstagramFirebaseApplication;
				PRODUCT_NAME = "$(TARGET_NAME)";
				SWIFT_VERSION = 4.0;
				TARGETED_DEVICE_FAMILY = "1,2";
			};
			name = Release;
		};
		9AF24418200448CC00442167 /* Debug */ = {
			isa = XCBuildConfiguration;
			buildSettings = {
				ALWAYS_EMBED_SWIFT_STANDARD_LIBRARIES = YES;
				BUNDLE_LOADER = "$(TEST_HOST)";
				CODE_SIGN_STYLE = Automatic;
				INFOPLIST_FILE = InstagramFirebaseApplicationTests/Info.plist;
				LD_RUNPATH_SEARCH_PATHS = "$(inherited) @executable_path/Frameworks @loader_path/Frameworks";
				PRODUCT_BUNDLE_IDENTIFIER = home.InstagramFirebaseApplicationTests;
				PRODUCT_NAME = "$(TARGET_NAME)";
				SWIFT_VERSION = 4.0;
				TARGETED_DEVICE_FAMILY = "1,2";
				TEST_HOST = "$(BUILT_PRODUCTS_DIR)/InstagramFirebaseApplication.app/InstagramFirebaseApplication";
			};
			name = Debug;
		};
		9AF24419200448CC00442167 /* Release */ = {
			isa = XCBuildConfiguration;
			buildSettings = {
				ALWAYS_EMBED_SWIFT_STANDARD_LIBRARIES = YES;
				BUNDLE_LOADER = "$(TEST_HOST)";
				CODE_SIGN_STYLE = Automatic;
				INFOPLIST_FILE = InstagramFirebaseApplicationTests/Info.plist;
				LD_RUNPATH_SEARCH_PATHS = "$(inherited) @executable_path/Frameworks @loader_path/Frameworks";
				PRODUCT_BUNDLE_IDENTIFIER = home.InstagramFirebaseApplicationTests;
				PRODUCT_NAME = "$(TARGET_NAME)";
				SWIFT_VERSION = 4.0;
				TARGETED_DEVICE_FAMILY = "1,2";
				TEST_HOST = "$(BUILT_PRODUCTS_DIR)/InstagramFirebaseApplication.app/InstagramFirebaseApplication";
			};
			name = Release;
		};
		9AF2441B200448CC00442167 /* Debug */ = {
			isa = XCBuildConfiguration;
			buildSettings = {
				ALWAYS_EMBED_SWIFT_STANDARD_LIBRARIES = YES;
				CODE_SIGN_STYLE = Automatic;
				INFOPLIST_FILE = InstagramFirebaseApplicationUITests/Info.plist;
				LD_RUNPATH_SEARCH_PATHS = "$(inherited) @executable_path/Frameworks @loader_path/Frameworks";
				PRODUCT_BUNDLE_IDENTIFIER = home.InstagramFirebaseApplicationUITests;
				PRODUCT_NAME = "$(TARGET_NAME)";
				SWIFT_VERSION = 4.0;
				TARGETED_DEVICE_FAMILY = "1,2";
				TEST_TARGET_NAME = InstagramFirebaseApplication;
			};
			name = Debug;
		};
		9AF2441C200448CC00442167 /* Release */ = {
			isa = XCBuildConfiguration;
			buildSettings = {
				ALWAYS_EMBED_SWIFT_STANDARD_LIBRARIES = YES;
				CODE_SIGN_STYLE = Automatic;
				INFOPLIST_FILE = InstagramFirebaseApplicationUITests/Info.plist;
				LD_RUNPATH_SEARCH_PATHS = "$(inherited) @executable_path/Frameworks @loader_path/Frameworks";
				PRODUCT_BUNDLE_IDENTIFIER = home.InstagramFirebaseApplicationUITests;
				PRODUCT_NAME = "$(TARGET_NAME)";
				SWIFT_VERSION = 4.0;
				TARGETED_DEVICE_FAMILY = "1,2";
				TEST_TARGET_NAME = InstagramFirebaseApplication;
			};
			name = Release;
		};
/* End XCBuildConfiguration section */

/* Begin XCConfigurationList section */
		9AF243E7200448CC00442167 /* Build configuration list for PBXProject "InstagramFirebaseApplication" */ = {
			isa = XCConfigurationList;
			buildConfigurations = (
				9AF24412200448CC00442167 /* Debug */,
				9AF24413200448CC00442167 /* Release */,
			);
			defaultConfigurationIsVisible = 0;
			defaultConfigurationName = Release;
		};
		9AF24414200448CC00442167 /* Build configuration list for PBXNativeTarget "InstagramFirebaseApplication" */ = {
			isa = XCConfigurationList;
			buildConfigurations = (
				9AF24415200448CC00442167 /* Debug */,
				9AF24416200448CC00442167 /* Release */,
			);
			defaultConfigurationIsVisible = 0;
			defaultConfigurationName = Release;
		};
		9AF24417200448CC00442167 /* Build configuration list for PBXNativeTarget "InstagramFirebaseApplicationTests" */ = {
			isa = XCConfigurationList;
			buildConfigurations = (
				9AF24418200448CC00442167 /* Debug */,
				9AF24419200448CC00442167 /* Release */,
			);
			defaultConfigurationIsVisible = 0;
			defaultConfigurationName = Release;
		};
		9AF2441A200448CC00442167 /* Build configuration list for PBXNativeTarget "InstagramFirebaseApplicationUITests" */ = {
			isa = XCConfigurationList;
			buildConfigurations = (
				9AF2441B200448CC00442167 /* Debug */,
				9AF2441C200448CC00442167 /* Release */,
			);
			defaultConfigurationIsVisible = 0;
			defaultConfigurationName = Release;
		};
/* End XCConfigurationList section */
	};
	rootObject = 9AF243E4200448CC00442167 /* Project object */;
}
